
Microsoft Visual Studio Solution File, Format Version 12.00
# Visual Studio Version 17
VisualStudioVersion = 17.7.34031.279
MinimumVisualStudioVersion = 10.0.40219.1
Project("{FAE04EC0-301F-11D3-BF4B-00C04F79EFBC}") = "Wordiscover", "Wordiscover\Wordiscover.csproj", "{3C67DA0F-1C4C-44BD-8AA3-E0769473BAD3}"
EndProject
Global
	GlobalSection(SolutionConfigurationPlatforms) = preSolution
		CD_ROM|Any CPU = CD_ROM|Any CPU
		CD_ROM|ARM64 = CD_ROM|ARM64
		CD_ROM|x64 = CD_ROM|x64
		CD_ROM|x86 = CD_ROM|x86
		Debug|Any CPU = Debug|Any CPU
		Debug|ARM64 = Debug|ARM64
		Debug|x64 = Debug|x64
		Debug|x86 = Debug|x86
		DVD-5|Any CPU = DVD-5|Any CPU
		DVD-5|ARM64 = DVD-5|ARM64
		DVD-5|x64 = DVD-5|x64
		DVD-5|x86 = DVD-5|x86
		Release|Any CPU = Release|Any CPU
		Release|ARM64 = Release|ARM64
		Release|x64 = Release|x64
		Release|x86 = Release|x86
		SingleImage|Any CPU = SingleImage|Any CPU
		SingleImage|ARM64 = SingleImage|ARM64
		SingleImage|x64 = SingleImage|x64
		SingleImage|x86 = SingleImage|x86
	EndGlobalSection
	GlobalSection(ProjectConfigurationPlatforms) = postSolution
		{3C67DA0F-1C4C-44BD-8AA3-E0769473BAD3}.CD_ROM|Any CPU.ActiveCfg = Release|Any CPU
		{3C67DA0F-1C4C-44BD-8AA3-E0769473BAD3}.CD_ROM|Any CPU.Build.0 = Release|Any CPU
		{3C67DA0F-1C4C-44BD-8AA3-E0769473BAD3}.CD_ROM|ARM64.ActiveCfg = Debug|Any CPU
		{3C67DA0F-1C4C-44BD-8AA3-E0769473BAD3}.CD_ROM|ARM64.Build.0 = Debug|Any CPU
		{3C67DA0F-1C4C-44BD-8AA3-E0769473BAD3}.CD_ROM|x64.ActiveCfg = Debug|Any CPU
		{3C67DA0F-1C4C-44BD-8AA3-E0769473BAD3}.CD_ROM|x64.Build.0 = Debug|Any CPU
		{3C67DA0F-1C4C-44BD-8AA3-E0769473BAD3}.CD_ROM|x86.ActiveCfg = Debug|Any CPU
		{3C67DA0F-1C4C-44BD-8AA3-E0769473BAD3}.CD_ROM|x86.Build.0 = Debug|Any CPU
		{3C67DA0F-1C4C-44BD-8AA3-E0769473BAD3}.Debug|Any CPU.ActiveCfg = Debug|Any CPU
		{3C67DA0F-1C4C-44BD-8AA3-E0769473BAD3}.Debug|Any CPU.Build.0 = Debug|Any CPU
		{3C67DA0F-1C4C-44BD-8AA3-E0769473BAD3}.Debug|ARM64.ActiveCfg = Debug|Any CPU
		{3C67DA0F-1C4C-44BD-8AA3-E0769473BAD3}.Debug|ARM64.Build.0 = Debug|Any CPU
		{3C67DA0F-1C4C-44BD-8AA3-E0769473BAD3}.Debug|x64.ActiveCfg = Debug|Any CPU
		{3C67DA0F-1C4C-44BD-8AA3-E0769473BAD3}.Debug|x64.Build.0 = Debug|Any CPU
		{3C67DA0F-1C4C-44BD-8AA3-E0769473BAD3}.Debug|x86.ActiveCfg = Debug|Any CPU
		{3C67DA0F-1C4C-44BD-8AA3-E0769473BAD3}.Debug|x86.Build.0 = Debug|Any CPU
		{3C67DA0F-1C4C-44BD-8AA3-E0769473BAD3}.DVD-5|Any CPU.ActiveCfg = Debug|Any CPU
		{3C67DA0F-1C4C-44BD-8AA3-E0769473BAD3}.DVD-5|Any CPU.Build.0 = Debug|Any CPU
		{3C67DA0F-1C4C-44BD-8AA3-E0769473BAD3}.DVD-5|ARM64.ActiveCfg = Debug|Any CPU
		{3C67DA0F-1C4C-44BD-8AA3-E0769473BAD3}.DVD-5|ARM64.Build.0 = Debug|Any CPU
		{3C67DA0F-1C4C-44BD-8AA3-E0769473BAD3}.DVD-5|x64.ActiveCfg = Debug|Any CPU
		{3C67DA0F-1C4C-44BD-8AA3-E0769473BAD3}.DVD-5|x64.Build.0 = Debug|Any CPU
		{3C67DA0F-1C4C-44BD-8AA3-E0769473BAD3}.DVD-5|x86.ActiveCfg = Debug|Any CPU
		{3C67DA0F-1C4C-44BD-8AA3-E0769473BAD3}.DVD-5|x86.Build.0 = Debug|Any CPU
		{3C67DA0F-1C4C-44BD-8AA3-E0769473BAD3}.Release|Any CPU.ActiveCfg = Release|Any CPU
		{3C67DA0F-1C4C-44BD-8AA3-E0769473BAD3}.Release|Any CPU.Build.0 = Release|Any CPU
		{3C67DA0F-1C4C-44BD-8AA3-E0769473BAD3}.Release|ARM64.ActiveCfg = Release|Any CPU
		{3C67DA0F-1C4C-44BD-8AA3-E0769473BAD3}.Release|ARM64.Build.0 = Release|Any CPU
		{3C67DA0F-1C4C-44BD-8AA3-E0769473BAD3}.Release|x64.ActiveCfg = Release|Any CPU
		{3C67DA0F-1C4C-44BD-8AA3-E0769473BAD3}.Release|x64.Build.0 = Release|Any CPU
		{3C67DA0F-1C4C-44BD-8AA3-E0769473BAD3}.Release|x86.ActiveCfg = Release|Any CPU
		{3C67DA0F-1C4C-44BD-8AA3-E0769473BAD3}.Release|x86.Build.0 = Release|Any CPU
		{3C67DA0F-1C4C-44BD-8AA3-E0769473BAD3}.SingleImage|Any CPU.ActiveCfg = Release|Any CPU
		{3C67DA0F-1C4C-44BD-8AA3-E0769473BAD3}.SingleImage|Any CPU.Build.0 = Release|Any CPU
		{3C67DA0F-1C4C-44BD-8AA3-E0769473BAD3}.SingleImage|ARM64.ActiveCfg = Debug|Any CPU
		{3C67DA0F-1C4C-44BD-8AA3-E0769473BAD3}.SingleImage|ARM64.Build.0 = Debug|Any CPU
		{3C67DA0F-1C4C-44BD-8AA3-E0769473BAD3}.SingleImage|x64.ActiveCfg = Debug|Any CPU
		{3C67DA0F-1C4C-44BD-8AA3-E0769473BAD3}.SingleImage|x64.Build.0 = Debug|Any CPU
		{3C67DA0F-1C4C-44BD-8AA3-E0769473BAD3}.SingleImage|x86.ActiveCfg = Debug|Any CPU
		{3C67DA0F-1C4C-44BD-8AA3-E0769473BAD3}.SingleImage|x86.Build.0 = Debug|Any CPU
	EndGlobalSection
	GlobalSection(SolutionProperties) = preSolution
		HideSolutionNode = FALSE
	EndGlobalSection
	GlobalSection(ExtensibilityGlobals) = postSolution
		SolutionGuid = {31BF4426-CEED-46BC-A5A4-75054991E799}
	EndGlobalSection
EndGlobal
